// !$*UTF8*$!
{
	archiveVersion = 1;
	classes = {
	};
	objectVersion = 50;
	objects = {

/* Begin PBXBuildFile section */
		E66864882227D57800B06DE2 /* logo.png in Resources */ = {isa = PBXBuildFile; fileRef = E66864822227D57800B06DE2 /* logo.png */; };
		E6AE1FCF221D094400C48740 /* AppDelegate.swift in Sources */ = {isa = PBXBuildFile; fileRef = E6AE1FCE221D094400C48740 /* AppDelegate.swift */; };
		E6AE1FD1221D094400C48740 /* ViewController.swift in Sources */ = {isa = PBXBuildFile; fileRef = E6AE1FD0221D094400C48740 /* ViewController.swift */; };
		E6AE1FD4221D094400C48740 /* Main.storyboard in Resources */ = {isa = PBXBuildFile; fileRef = E6AE1FD2221D094400C48740 /* Main.storyboard */; };
		E6AE1FD6221D094600C48740 /* Assets.xcassets in Resources */ = {isa = PBXBuildFile; fileRef = E6AE1FD5221D094600C48740 /* Assets.xcassets */; };
		E6AE1FD9221D094600C48740 /* LaunchScreen.storyboard in Resources */ = {isa = PBXBuildFile; fileRef = E6AE1FD7221D094600C48740 /* LaunchScreen.storyboard */; };
		E6AE1FE2221D0A8300C48740 /* JailbreakDetection.swift in Sources */ = {isa = PBXBuildFile; fileRef = E6AE1FE1221D0A8300C48740 /* JailbreakDetection.swift */; };
		E6AE1FE4221D0B8100C48740 /* KeyChain.swift in Sources */ = {isa = PBXBuildFile; fileRef = E6AE1FE3221D0B8100C48740 /* KeyChain.swift */; };
		E6AE1FE7221D178600C48740 /* Util.swift in Sources */ = {isa = PBXBuildFile; fileRef = E6AE1FE6221D178600C48740 /* Util.swift */; };
		E6AE1FE9221D197600C48740 /* Jailbreak.swift in Sources */ = {isa = PBXBuildFile; fileRef = E6AE1FE8221D197600C48740 /* Jailbreak.swift */; };
		E6AE1FEB221D19A400C48740 /* Login.swift in Sources */ = {isa = PBXBuildFile; fileRef = E6AE1FEA221D19A400C48740 /* Login.swift */; };
		E6AE1FED221D19EA00C48740 /* Http.swift in Sources */ = {isa = PBXBuildFile; fileRef = E6AE1FEC221D19EA00C48740 /* Http.swift */; };
		E6AE1FEF221D1DE200C48740 /* Pin.swift in Sources */ = {isa = PBXBuildFile; fileRef = E6AE1FEE221D1DE200C48740 /* Pin.swift */; };
		E6AE1FF1221D443800C48740 /* Home.swift in Sources */ = {isa = PBXBuildFile; fileRef = E6AE1FF0221D443800C48740 /* Home.swift */; };
		E6AE1FF3221D444800C48740 /* Summary.swift in Sources */ = {isa = PBXBuildFile; fileRef = E6AE1FF2221D444800C48740 /* Summary.swift */; };
		E6AE200D221D452800C48740 /* Security.framework in Frameworks */ = {isa = PBXBuildFile; fileRef = E6AE200C221D452800C48740 /* Security.framework */; };
		E6AE2010221D460300C48740 /* SQLCipher.swift in Sources */ = {isa = PBXBuildFile; fileRef = E6AE200F221D460300C48740 /* SQLCipher.swift */; };
		E6AE204E221D488D00C48740 /* libsqlcipher.a in Frameworks */ = {isa = PBXBuildFile; fileRef = E6AE2037221D479500C48740 /* libsqlcipher.a */; };
		E6AE20552223DAE700C48740 /* Favourite.swift in Sources */ = {isa = PBXBuildFile; fileRef = E6AE20542223DAE700C48740 /* Favourite.swift */; };
		E6AE205D2223E42300C48740 /* TransferResult.swift in Sources */ = {isa = PBXBuildFile; fileRef = E6AE205C2223E42200C48740 /* TransferResult.swift */; };
		E6AE205F2223E75600C48740 /* AddFavourite.swift in Sources */ = {isa = PBXBuildFile; fileRef = E6AE205E2223E75600C48740 /* AddFavourite.swift */; };
		E6AE20612223EA3900C48740 /* Transfer.swift in Sources */ = {isa = PBXBuildFile; fileRef = E6AE20602223EA3800C48740 /* Transfer.swift */; };
		E6AE20632223ED0400C48740 /* History.swift in Sources */ = {isa = PBXBuildFile; fileRef = E6AE20622223ED0400C48740 /* History.swift */; };
		E6AE20652223ED4F00C48740 /* HistoryCell.swift in Sources */ = {isa = PBXBuildFile; fileRef = E6AE20642223ED4F00C48740 /* HistoryCell.swift */; };
/* End PBXBuildFile section */

/* Begin PBXContainerItemProxy section */
		E6AE202E221D479500C48740 /* PBXContainerItemProxy */ = {
			isa = PBXContainerItemProxy;
			containerPortal = E6AE2025221D479500C48740 /* sqlcipher.xcodeproj */;
			proxyType = 2;
			remoteGlobalIDString = 4C0041981BFC382400ED2AD5;
			remoteInfo = "SQLCipher iOS";
		};
		E6AE2030221D479500C48740 /* PBXContainerItemProxy */ = {
			isa = PBXContainerItemProxy;
			containerPortal = E6AE2025221D479500C48740 /* sqlcipher.xcodeproj */;
			proxyType = 2;
			remoteGlobalIDString = 4C0041B11BFC3B2200ED2AD5;
			remoteInfo = "SQLCipher OSX";
		};
		E6AE2032221D479500C48740 /* PBXContainerItemProxy */ = {
			isa = PBXContainerItemProxy;
			containerPortal = E6AE2025221D479500C48740 /* sqlcipher.xcodeproj */;
			proxyType = 2;
			remoteGlobalIDString = 4C0041C31BFC3CC000ED2AD5;
			remoteInfo = "SQLCipher tvOS";
		};
		E6AE2034221D479500C48740 /* PBXContainerItemProxy */ = {
			isa = PBXContainerItemProxy;
			containerPortal = E6AE2025221D479500C48740 /* sqlcipher.xcodeproj */;
			proxyType = 2;
			remoteGlobalIDString = 4C0041D61BFC3E2500ED2AD5;
			remoteInfo = "SQLCipher watchOS";
		};
		E6AE2036221D479500C48740 /* PBXContainerItemProxy */ = {
			isa = PBXContainerItemProxy;
			containerPortal = E6AE2025221D479500C48740 /* sqlcipher.xcodeproj */;
			proxyType = 2;
			remoteGlobalIDString = D2AAC046055464E500DB518D;
			remoteInfo = sqlcipher;
		};
		E6AE204C221D488700C48740 /* PBXContainerItemProxy */ = {
			isa = PBXContainerItemProxy;
			containerPortal = E6AE2025221D479500C48740 /* sqlcipher.xcodeproj */;
			proxyType = 1;
			remoteGlobalIDString = D2AAC045055464E500DB518D;
			remoteInfo = sqlcipher;
		};
/* End PBXContainerItemProxy section */

/* Begin PBXFileReference section */
		E66864822227D57800B06DE2 /* logo.png */ = {isa = PBXFileReference; lastKnownFileType = image.png; path = logo.png; sourceTree = "<group>"; };
		E6AE1FCB221D094400C48740 /* watf-bank.app */ = {isa = PBXFileReference; explicitFileType = wrapper.application; includeInIndex = 0; path = "watf-bank.app"; sourceTree = BUILT_PRODUCTS_DIR; };
		E6AE1FCE221D094400C48740 /* AppDelegate.swift */ = {isa = PBXFileReference; lastKnownFileType = sourcecode.swift; path = AppDelegate.swift; sourceTree = "<group>"; };
		E6AE1FD0221D094400C48740 /* ViewController.swift */ = {isa = PBXFileReference; lastKnownFileType = sourcecode.swift; path = ViewController.swift; sourceTree = "<group>"; };
		E6AE1FD3221D094400C48740 /* Base */ = {isa = PBXFileReference; lastKnownFileType = file.storyboard; name = Base; path = Base.lproj/Main.storyboard; sourceTree = "<group>"; };
		E6AE1FD5221D094600C48740 /* Assets.xcassets */ = {isa = PBXFileReference; lastKnownFileType = folder.assetcatalog; path = Assets.xcassets; sourceTree = "<group>"; };
		E6AE1FD8221D094600C48740 /* Base */ = {isa = PBXFileReference; lastKnownFileType = file.storyboard; name = Base; path = Base.lproj/LaunchScreen.storyboard; sourceTree = "<group>"; };
		E6AE1FDA221D094600C48740 /* Info.plist */ = {isa = PBXFileReference; lastKnownFileType = text.plist.xml; path = Info.plist; sourceTree = "<group>"; };
		E6AE1FE1221D0A8300C48740 /* JailbreakDetection.swift */ = {isa = PBXFileReference; lastKnownFileType = sourcecode.swift; path = JailbreakDetection.swift; sourceTree = "<group>"; };
		E6AE1FE3221D0B8100C48740 /* KeyChain.swift */ = {isa = PBXFileReference; lastKnownFileType = sourcecode.swift; path = KeyChain.swift; sourceTree = "<group>"; };
		E6AE1FE6221D178600C48740 /* Util.swift */ = {isa = PBXFileReference; lastKnownFileType = sourcecode.swift; path = Util.swift; sourceTree = "<group>"; };
		E6AE1FE8221D197600C48740 /* Jailbreak.swift */ = {isa = PBXFileReference; lastKnownFileType = sourcecode.swift; path = Jailbreak.swift; sourceTree = "<group>"; };
		E6AE1FEA221D19A400C48740 /* Login.swift */ = {isa = PBXFileReference; lastKnownFileType = sourcecode.swift; path = Login.swift; sourceTree = "<group>"; };
		E6AE1FEC221D19EA00C48740 /* Http.swift */ = {isa = PBXFileReference; lastKnownFileType = sourcecode.swift; path = Http.swift; sourceTree = "<group>"; };
		E6AE1FEE221D1DE200C48740 /* Pin.swift */ = {isa = PBXFileReference; lastKnownFileType = sourcecode.swift; path = Pin.swift; sourceTree = "<group>"; };
		E6AE1FF0221D443800C48740 /* Home.swift */ = {isa = PBXFileReference; lastKnownFileType = sourcecode.swift; path = Home.swift; sourceTree = "<group>"; };
		E6AE1FF2221D444800C48740 /* Summary.swift */ = {isa = PBXFileReference; lastKnownFileType = sourcecode.swift; path = Summary.swift; sourceTree = "<group>"; };
		E6AE200C221D452800C48740 /* Security.framework */ = {isa = PBXFileReference; lastKnownFileType = wrapper.framework; name = Security.framework; path = System/Library/Frameworks/Security.framework; sourceTree = SDKROOT; };
		E6AE200E221D45E100C48740 /* Header.h */ = {isa = PBXFileReference; lastKnownFileType = sourcecode.c.h; path = Header.h; sourceTree = "<group>"; };
		E6AE200F221D460300C48740 /* SQLCipher.swift */ = {isa = PBXFileReference; lastKnownFileType = sourcecode.swift; path = SQLCipher.swift; sourceTree = "<group>"; };
		E6AE2025221D479500C48740 /* sqlcipher.xcodeproj */ = {isa = PBXFileReference; lastKnownFileType = "wrapper.pb-project"; name = sqlcipher.xcodeproj; path = sqlcipher/sqlcipher.xcodeproj; sourceTree = "<group>"; };
		E6AE20542223DAE700C48740 /* Favourite.swift */ = {isa = PBXFileReference; lastKnownFileType = sourcecode.swift; path = Favourite.swift; sourceTree = "<group>"; };
		E6AE205C2223E42200C48740 /* TransferResult.swift */ = {isa = PBXFileReference; lastKnownFileType = sourcecode.swift; path = TransferResult.swift; sourceTree = "<group>"; };
		E6AE205E2223E75600C48740 /* AddFavourite.swift */ = {isa = PBXFileReference; lastKnownFileType = sourcecode.swift; path = AddFavourite.swift; sourceTree = "<group>"; };
		E6AE20602223EA3800C48740 /* Transfer.swift */ = {isa = PBXFileReference; lastKnownFileType = sourcecode.swift; path = Transfer.swift; sourceTree = "<group>"; };
		E6AE20622223ED0400C48740 /* History.swift */ = {isa = PBXFileReference; lastKnownFileType = sourcecode.swift; path = History.swift; sourceTree = "<group>"; };
		E6AE20642223ED4F00C48740 /* HistoryCell.swift */ = {isa = PBXFileReference; lastKnownFileType = sourcecode.swift; path = HistoryCell.swift; sourceTree = "<group>"; };
/* End PBXFileReference section */

/* Begin PBXFrameworksBuildPhase section */
		E6AE1FC8221D094400C48740 /* Frameworks */ = {
			isa = PBXFrameworksBuildPhase;
			buildActionMask = 2147483647;
			files = (
				E6AE204E221D488D00C48740 /* libsqlcipher.a in Frameworks */,
				E6AE200D221D452800C48740 /* Security.framework in Frameworks */,
			);
			runOnlyForDeploymentPostprocessing = 0;
		};
/* End PBXFrameworksBuildPhase section */

/* Begin PBXGroup section */
		E6AE1FC2221D094400C48740 = {
			isa = PBXGroup;
			children = (
				E6AE200E221D45E100C48740 /* Header.h */,
				E6AE2025221D479500C48740 /* sqlcipher.xcodeproj */,
				E6AE1FCD221D094400C48740 /* watf-bank */,
				E6AE1FCC221D094400C48740 /* Products */,
				E6AE200A221D452200C48740 /* Frameworks */,
			);
			sourceTree = "<group>";
		};
		E6AE1FCC221D094400C48740 /* Products */ = {
			isa = PBXGroup;
			children = (
				E6AE1FCB221D094400C48740 /* watf-bank.app */,
			);
			name = Products;
			sourceTree = "<group>";
		};
		E6AE1FCD221D094400C48740 /* watf-bank */ = {
			isa = PBXGroup;
			children = (
				E66864822227D57800B06DE2 /* logo.png */,
				E6AE1FE0221D0A7000C48740 /* PageController */,
				E6AE1FCE221D094400C48740 /* AppDelegate.swift */,
				E6AE1FD0221D094400C48740 /* ViewController.swift */,
				E6AE1FD2221D094400C48740 /* Main.storyboard */,
				E6AE1FD5221D094600C48740 /* Assets.xcassets */,
				E6AE1FD7221D094600C48740 /* LaunchScreen.storyboard */,
				E6AE1FDA221D094600C48740 /* Info.plist */,
				E6AE1FE3221D0B8100C48740 /* KeyChain.swift */,
				E6AE1FE6221D178600C48740 /* Util.swift */,
				E6AE1FEC221D19EA00C48740 /* Http.swift */,
				E6AE200F221D460300C48740 /* SQLCipher.swift */,
			);
			path = "watf-bank";
			sourceTree = "<group>";
		};
		E6AE1FE0221D0A7000C48740 /* PageController */ = {
			isa = PBXGroup;
			children = (
				E6AE1FE1221D0A8300C48740 /* JailbreakDetection.swift */,
				E6AE1FE8221D197600C48740 /* Jailbreak.swift */,
				E6AE1FEA221D19A400C48740 /* Login.swift */,
				E6AE1FEE221D1DE200C48740 /* Pin.swift */,
				E6AE1FF0221D443800C48740 /* Home.swift */,
				E6AE1FF2221D444800C48740 /* Summary.swift */,
				E6AE20542223DAE700C48740 /* Favourite.swift */,
				E6AE205E2223E75600C48740 /* AddFavourite.swift */,
				E6AE20602223EA3800C48740 /* Transfer.swift */,
				E6AE205C2223E42200C48740 /* TransferResult.swift */,
				E6AE20622223ED0400C48740 /* History.swift */,
				E6AE20642223ED4F00C48740 /* HistoryCell.swift */,
			);
			path = PageController;
			sourceTree = "<group>";
		};
		E6AE200A221D452200C48740 /* Frameworks */ = {
			isa = PBXGroup;
			children = (
				E6AE200C221D452800C48740 /* Security.framework */,
			);
			name = Frameworks;
			sourceTree = "<group>";
		};
		E6AE2026221D479500C48740 /* Products */ = {
			isa = PBXGroup;
			children = (
				E6AE202F221D479500C48740 /* SQLCipher.framework */,
				E6AE2031221D479500C48740 /* SQLCipher.framework */,
				E6AE2033221D479500C48740 /* SQLCipher.framework */,
				E6AE2035221D479500C48740 /* SQLCipher.framework */,
				E6AE2037221D479500C48740 /* libsqlcipher.a */,
			);
			name = Products;
			sourceTree = "<group>";
		};
/* End PBXGroup section */

/* Begin PBXNativeTarget section */
		E6AE1FCA221D094400C48740 /* watf-bank */ = {
			isa = PBXNativeTarget;
			buildConfigurationList = E6AE1FDD221D094600C48740 /* Build configuration list for PBXNativeTarget "watf-bank" */;
			buildPhases = (
				E6AE1FC7221D094400C48740 /* Sources */,
				E6AE1FC8221D094400C48740 /* Frameworks */,
				E6AE1FC9221D094400C48740 /* Resources */,
			);
			buildRules = (
			);
			dependencies = (
				E6AE204D221D488700C48740 /* PBXTargetDependency */,
			);
			name = "watf-bank";
			productName = "watf-bank";
			productReference = E6AE1FCB221D094400C48740 /* watf-bank.app */;
			productType = "com.apple.product-type.application";
		};
/* End PBXNativeTarget section */

/* Begin PBXProject section */
		E6AE1FC3221D094400C48740 /* Project object */ = {
			isa = PBXProject;
			attributes = {
				LastSwiftUpdateCheck = 1010;
				LastUpgradeCheck = 1010;
				ORGANIZATIONNAME = "WaTF-Team";
				TargetAttributes = {
					E6AE1FCA221D094400C48740 = {
						CreatedOnToolsVersion = 10.1;
					};
				};
			};
			buildConfigurationList = E6AE1FC6221D094400C48740 /* Build configuration list for PBXProject "watf-bank" */;
			compatibilityVersion = "Xcode 9.3";
			developmentRegion = en;
			hasScannedForEncodings = 0;
			knownRegions = (
				en,
				Base,
			);
			mainGroup = E6AE1FC2221D094400C48740;
			productRefGroup = E6AE1FCC221D094400C48740 /* Products */;
			projectDirPath = "";
			projectReferences = (
				{
					ProductGroup = E6AE2026221D479500C48740 /* Products */;
					ProjectRef = E6AE2025221D479500C48740 /* sqlcipher.xcodeproj */;
				},
			);
			projectRoot = "";
			targets = (
				E6AE1FCA221D094400C48740 /* watf-bank */,
			);
		};
/* End PBXProject section */

/* Begin PBXReferenceProxy section */
		E6AE202F221D479500C48740 /* SQLCipher.framework */ = {
			isa = PBXReferenceProxy;
			fileType = wrapper.framework;
			path = SQLCipher.framework;
			remoteRef = E6AE202E221D479500C48740 /* PBXContainerItemProxy */;
			sourceTree = BUILT_PRODUCTS_DIR;
		};
		E6AE2031221D479500C48740 /* SQLCipher.framework */ = {
			isa = PBXReferenceProxy;
			fileType = wrapper.framework;
			path = SQLCipher.framework;
			remoteRef = E6AE2030221D479500C48740 /* PBXContainerItemProxy */;
			sourceTree = BUILT_PRODUCTS_DIR;
		};
		E6AE2033221D479500C48740 /* SQLCipher.framework */ = {
			isa = PBXReferenceProxy;
			fileType = wrapper.framework;
			path = SQLCipher.framework;
			remoteRef = E6AE2032221D479500C48740 /* PBXContainerItemProxy */;
			sourceTree = BUILT_PRODUCTS_DIR;
		};
		E6AE2035221D479500C48740 /* SQLCipher.framework */ = {
			isa = PBXReferenceProxy;
			fileType = wrapper.framework;
			path = SQLCipher.framework;
			remoteRef = E6AE2034221D479500C48740 /* PBXContainerItemProxy */;
			sourceTree = BUILT_PRODUCTS_DIR;
		};
		E6AE2037221D479500C48740 /* libsqlcipher.a */ = {
			isa = PBXReferenceProxy;
			fileType = archive.ar;
			path = libsqlcipher.a;
			remoteRef = E6AE2036221D479500C48740 /* PBXContainerItemProxy */;
			sourceTree = BUILT_PRODUCTS_DIR;
		};
/* End PBXReferenceProxy section */

/* Begin PBXResourcesBuildPhase section */
		E6AE1FC9221D094400C48740 /* Resources */ = {
			isa = PBXResourcesBuildPhase;
			buildActionMask = 2147483647;
			files = (
				E66864882227D57800B06DE2 /* logo.png in Resources */,
				E6AE1FD9221D094600C48740 /* LaunchScreen.storyboard in Resources */,
				E6AE1FD6221D094600C48740 /* Assets.xcassets in Resources */,
				E6AE1FD4221D094400C48740 /* Main.storyboard in Resources */,
			);
			runOnlyForDeploymentPostprocessing = 0;
		};
/* End PBXResourcesBuildPhase section */

/* Begin PBXSourcesBuildPhase section */
		E6AE1FC7221D094400C48740 /* Sources */ = {
			isa = PBXSourcesBuildPhase;
			buildActionMask = 2147483647;
			files = (
				E6AE20632223ED0400C48740 /* History.swift in Sources */,
				E6AE20552223DAE700C48740 /* Favourite.swift in Sources */,
				E6AE205D2223E42300C48740 /* TransferResult.swift in Sources */,
				E6AE1FEB221D19A400C48740 /* Login.swift in Sources */,
				E6AE1FE2221D0A8300C48740 /* JailbreakDetection.swift in Sources */,
				E6AE1FF1221D443800C48740 /* Home.swift in Sources */,
				E6AE1FF3221D444800C48740 /* Summary.swift in Sources */,
				E6AE1FED221D19EA00C48740 /* Http.swift in Sources */,
				E6AE2010221D460300C48740 /* SQLCipher.swift in Sources */,
				E6AE1FEF221D1DE200C48740 /* Pin.swift in Sources */,
				E6AE1FD1221D094400C48740 /* ViewController.swift in Sources */,
				E6AE1FE7221D178600C48740 /* Util.swift in Sources */,
				E6AE20652223ED4F00C48740 /* HistoryCell.swift in Sources */,
				E6AE1FE9221D197600C48740 /* Jailbreak.swift in Sources */,
				E6AE205F2223E75600C48740 /* AddFavourite.swift in Sources */,
				E6AE1FCF221D094400C48740 /* AppDelegate.swift in Sources */,
				E6AE20612223EA3900C48740 /* Transfer.swift in Sources */,
				E6AE1FE4221D0B8100C48740 /* KeyChain.swift in Sources */,
			);
			runOnlyForDeploymentPostprocessing = 0;
		};
/* End PBXSourcesBuildPhase section */

/* Begin PBXTargetDependency section */
		E6AE204D221D488700C48740 /* PBXTargetDependency */ = {
			isa = PBXTargetDependency;
			name = sqlcipher;
			targetProxy = E6AE204C221D488700C48740 /* PBXContainerItemProxy */;
		};
/* End PBXTargetDependency section */

/* Begin PBXVariantGroup section */
		E6AE1FD2221D094400C48740 /* Main.storyboard */ = {
			isa = PBXVariantGroup;
			children = (
				E6AE1FD3221D094400C48740 /* Base */,
			);
			name = Main.storyboard;
			sourceTree = "<group>";
		};
		E6AE1FD7221D094600C48740 /* LaunchScreen.storyboard */ = {
			isa = PBXVariantGroup;
			children = (
				E6AE1FD8221D094600C48740 /* Base */,
			);
			name = LaunchScreen.storyboard;
			sourceTree = "<group>";
		};
/* End PBXVariantGroup section */

/* Begin XCBuildConfiguration section */
		E6AE1FDB221D094600C48740 /* Debug */ = {
			isa = XCBuildConfiguration;
			buildSettings = {
				ALWAYS_SEARCH_USER_PATHS = NO;
				CLANG_ANALYZER_NONNULL = YES;
				CLANG_ANALYZER_NUMBER_OBJECT_CONVERSION = YES_AGGRESSIVE;
				CLANG_CXX_LANGUAGE_STANDARD = "gnu++14";
				CLANG_CXX_LIBRARY = "libc++";
				CLANG_ENABLE_MODULES = YES;
				CLANG_ENABLE_OBJC_ARC = YES;
				CLANG_ENABLE_OBJC_WEAK = YES;
				CLANG_WARN_BLOCK_CAPTURE_AUTORELEASING = YES;
				CLANG_WARN_BOOL_CONVERSION = YES;
				CLANG_WARN_COMMA = YES;
				CLANG_WARN_CONSTANT_CONVERSION = YES;
				CLANG_WARN_DEPRECATED_OBJC_IMPLEMENTATIONS = YES;
				CLANG_WARN_DIRECT_OBJC_ISA_USAGE = YES_ERROR;
				CLANG_WARN_DOCUMENTATION_COMMENTS = YES;
				CLANG_WARN_EMPTY_BODY = YES;
				CLANG_WARN_ENUM_CONVERSION = YES;
				CLANG_WARN_INFINITE_RECURSION = YES;
				CLANG_WARN_INT_CONVERSION = YES;
				CLANG_WARN_NON_LITERAL_NULL_CONVERSION = YES;
				CLANG_WARN_OBJC_IMPLICIT_RETAIN_SELF = YES;
				CLANG_WARN_OBJC_LITERAL_CONVERSION = YES;
				CLANG_WARN_OBJC_ROOT_CLASS = YES_ERROR;
				CLANG_WARN_RANGE_LOOP_ANALYSIS = YES;
				CLANG_WARN_STRICT_PROTOTYPES = YES;
				CLANG_WARN_SUSPICIOUS_MOVE = YES;
				CLANG_WARN_UNGUARDED_AVAILABILITY = YES_AGGRESSIVE;
				CLANG_WARN_UNREACHABLE_CODE = YES;
				CLANG_WARN__DUPLICATE_METHOD_MATCH = YES;
				CODE_SIGN_IDENTITY = "iPhone Developer";
				COPY_PHASE_STRIP = NO;
				DEBUG_INFORMATION_FORMAT = dwarf;
				ENABLE_STRICT_OBJC_MSGSEND = YES;
				ENABLE_TESTABILITY = YES;
				GCC_C_LANGUAGE_STANDARD = gnu11;
				GCC_DYNAMIC_NO_PIC = NO;
				GCC_NO_COMMON_BLOCKS = YES;
				GCC_OPTIMIZATION_LEVEL = 0;
				GCC_PREPROCESSOR_DEFINITIONS = (
					"DEBUG=1",
					"$(inherited)",
				);
				GCC_WARN_64_TO_32_BIT_CONVERSION = YES;
				GCC_WARN_ABOUT_RETURN_TYPE = YES_ERROR;
				GCC_WARN_UNDECLARED_SELECTOR = YES;
				GCC_WARN_UNINITIALIZED_AUTOS = YES_AGGRESSIVE;
				GCC_WARN_UNUSED_FUNCTION = YES;
				GCC_WARN_UNUSED_VARIABLE = YES;
				IPHONEOS_DEPLOYMENT_TARGET = 12.1;
				MTL_ENABLE_DEBUG_INFO = INCLUDE_SOURCE;
				MTL_FAST_MATH = YES;
				ONLY_ACTIVE_ARCH = YES;
				SDKROOT = iphoneos;
				SWIFT_ACTIVE_COMPILATION_CONDITIONS = DEBUG;
				SWIFT_OPTIMIZATION_LEVEL = "-Onone";
			};
			name = Debug;
		};
		E6AE1FDC221D094600C48740 /* Release */ = {
			isa = XCBuildConfiguration;
			buildSettings = {
				ALWAYS_SEARCH_USER_PATHS = NO;
				CLANG_ANALYZER_NONNULL = YES;
				CLANG_ANALYZER_NUMBER_OBJECT_CONVERSION = YES_AGGRESSIVE;
				CLANG_CXX_LANGUAGE_STANDARD = "gnu++14";
				CLANG_CXX_LIBRARY = "libc++";
				CLANG_ENABLE_MODULES = YES;
				CLANG_ENABLE_OBJC_ARC = YES;
				CLANG_ENABLE_OBJC_WEAK = YES;
				CLANG_WARN_BLOCK_CAPTURE_AUTORELEASING = YES;
				CLANG_WARN_BOOL_CONVERSION = YES;
				CLANG_WARN_COMMA = YES;
				CLANG_WARN_CONSTANT_CONVERSION = YES;
				CLANG_WARN_DEPRECATED_OBJC_IMPLEMENTATIONS = YES;
				CLANG_WARN_DIRECT_OBJC_ISA_USAGE = YES_ERROR;
				CLANG_WARN_DOCUMENTATION_COMMENTS = YES;
				CLANG_WARN_EMPTY_BODY = YES;
				CLANG_WARN_ENUM_CONVERSION = YES;
				CLANG_WARN_INFINITE_RECURSION = YES;
				CLANG_WARN_INT_CONVERSION = YES;
				CLANG_WARN_NON_LITERAL_NULL_CONVERSION = YES;
				CLANG_WARN_OBJC_IMPLICIT_RETAIN_SELF = YES;
				CLANG_WARN_OBJC_LITERAL_CONVERSION = YES;
				CLANG_WARN_OBJC_ROOT_CLASS = YES_ERROR;
				CLANG_WARN_RANGE_LOOP_ANALYSIS = YES;
				CLANG_WARN_STRICT_PROTOTYPES = YES;
				CLANG_WARN_SUSPICIOUS_MOVE = YES;
				CLANG_WARN_UNGUARDED_AVAILABILITY = YES_AGGRESSIVE;
				CLANG_WARN_UNREACHABLE_CODE = YES;
				CLANG_WARN__DUPLICATE_METHOD_MATCH = YES;
				CODE_SIGN_IDENTITY = "iPhone Developer";
				COPY_PHASE_STRIP = NO;
				DEBUG_INFORMATION_FORMAT = "dwarf-with-dsym";
				ENABLE_NS_ASSERTIONS = NO;
				ENABLE_STRICT_OBJC_MSGSEND = YES;
				GCC_C_LANGUAGE_STANDARD = gnu11;
				GCC_NO_COMMON_BLOCKS = YES;
				GCC_WARN_64_TO_32_BIT_CONVERSION = YES;
				GCC_WARN_ABOUT_RETURN_TYPE = YES_ERROR;
				GCC_WARN_UNDECLARED_SELECTOR = YES;
				GCC_WARN_UNINITIALIZED_AUTOS = YES_AGGRESSIVE;
				GCC_WARN_UNUSED_FUNCTION = YES;
				GCC_WARN_UNUSED_VARIABLE = YES;
				IPHONEOS_DEPLOYMENT_TARGET = 12.1;
				MTL_ENABLE_DEBUG_INFO = NO;
				MTL_FAST_MATH = YES;
				SDKROOT = iphoneos;
				SWIFT_COMPILATION_MODE = wholemodule;
				SWIFT_OPTIMIZATION_LEVEL = "-O";
				VALIDATE_PRODUCT = YES;
			};
			name = Release;
		};
		E6AE1FDE221D094600C48740 /* Debug */ = {
			isa = XCBuildConfiguration;
			buildSettings = {
				ASSETCATALOG_COMPILER_APPICON_NAME = AppIcon;
				CODE_SIGN_STYLE = Automatic;
				DEVELOPMENT_TEAM = 2V9PSZD7R6;
				GCC_PREPROCESSOR_DEFINITIONS = (
					"$(inherited)",
					"SQLITE_HAS_CODEC=1",
				);
				HEADER_SEARCH_PATHS = "$(PROJECT_DIR)/sqlcipher";
				INFOPLIST_FILE = "watf-bank/Info.plist";
				IPHONEOS_DEPLOYMENT_TARGET = 10.0;
				LD_RUNPATH_SEARCH_PATHS = (
					"$(inherited)",
					"@executable_path/Frameworks",
				);
				OTHER_CFLAGS = "-DSQLITE_HAS_CODEC";
				OTHER_LDFLAGS = "$(BUILT_PRODUCTS_DIR)/libsqlcipher.a";
				PRODUCT_BUNDLE_IDENTIFIER = "WaTF-Team.watf-bank";
				PRODUCT_NAME = "$(TARGET_NAME)";
				SWIFT_OBJC_BRIDGING_HEADER = Header.h;
				SWIFT_VERSION = 4.2;
				TARGETED_DEVICE_FAMILY = "1,2";
			};
			name = Debug;
		};
		E6AE1FDF221D094600C48740 /* Release */ = {
			isa = XCBuildConfiguration;
			buildSettings = {
				ASSETCATALOG_COMPILER_APPICON_NAME = AppIcon;
				CODE_SIGN_STYLE = Automatic;
				DEVELOPMENT_TEAM = 2V9PSZD7R6;
				GCC_PREPROCESSOR_DEFINITIONS = "SQLITE_HAS_CODEC=1";
				HEADER_SEARCH_PATHS = "$(PROJECT_DIR)/sqlcipher";
				INFOPLIST_FILE = "watf-bank/Info.plist";
				IPHONEOS_DEPLOYMENT_TARGET = 10.0;
				LD_RUNPATH_SEARCH_PATHS = (
					"$(inherited)",
					"@executable_path/Frameworks",
				);
				OTHER_CFLAGS = "-DSQLITE_HAS_CODEC";
				OTHER_LDFLAGS = "$(BUILT_PRODUCTS_DIR)/libsqlcipher.a";
				PRODUCT_BUNDLE_IDENTIFIER = "WaTF-Team.watf-bank";
				PRODUCT_NAME = "$(TARGET_NAME)";
				SWIFT_OBJC_BRIDGING_HEADER = Header.h;
				SWIFT_VERSION = 4.2;
				TARGETED_DEVICE_FAMILY = "1,2";
			};
			name = Release;
		};
/* End XCBuildConfiguration section */

/* Begin XCConfigurationList section */
		E6AE1FC6221D094400C48740 /* Build configuration list for PBXProject "watf-bank" */ = {
			isa = XCConfigurationList;
			buildConfigurations = (
				E6AE1FDB221D094600C48740 /* Debug */,
				E6AE1FDC221D094600C48740 /* Release */,
			);
			defaultConfigurationIsVisible = 0;
			defaultConfigurationName = Release;
		};
		E6AE1FDD221D094600C48740 /* Build configuration list for PBXNativeTarget "watf-bank" */ = {
			isa = XCConfigurationList;
			buildConfigurations = (
				E6AE1FDE221D094600C48740 /* Debug */,
				E6AE1FDF221D094600C48740 /* Release */,
			);
			defaultConfigurationIsVisible = 0;
			defaultConfigurationName = Release;
		};
/* End XCConfigurationList section */
	};
	rootObject = E6AE1FC3221D094400C48740 /* Project object */;
}
